// !$*UTF8*$!
{
	archiveVersion = 1;
	classes = {
	};
	objectVersion = 55;
	objects = {

/* Begin PBXBuildFile section */
		6F2FC69F2829750F0043BD74 /* AppDelegate.swift in Sources */ = {isa = PBXBuildFile; fileRef = 6F2FC69E2829750F0043BD74 /* AppDelegate.swift */; };
		6F2FC6A12829750F0043BD74 /* SceneDelegate.swift in Sources */ = {isa = PBXBuildFile; fileRef = 6F2FC6A02829750F0043BD74 /* SceneDelegate.swift */; };
		6F2FC6A8282975110043BD74 /* Assets.xcassets in Resources */ = {isa = PBXBuildFile; fileRef = 6F2FC6A7282975110043BD74 /* Assets.xcassets */; };
		6F2FC6AB282975110043BD74 /* LaunchScreen.storyboard in Resources */ = {isa = PBXBuildFile; fileRef = 6F2FC6A9282975110043BD74 /* LaunchScreen.storyboard */; };
		6F2FC6B8282976620043BD74 /* AsyncFetchState.swift in Sources */ = {isa = PBXBuildFile; fileRef = 6F2FC6B5282976620043BD74 /* AsyncFetchState.swift */; };
		6F2FC6B9282976620043BD74 /* RemoteRepository.swift in Sources */ = {isa = PBXBuildFile; fileRef = 6F2FC6B6282976620043BD74 /* RemoteRepository.swift */; };
		6F2FC6C0282977F30043BD74 /* UIView+Inspectables.swift in Sources */ = {isa = PBXBuildFile; fileRef = 6F2FC6BB282977F30043BD74 /* UIView+Inspectables.swift */; };
		6F2FC6C2282977F30043BD74 /* UIImageView+Additions.swift in Sources */ = {isa = PBXBuildFile; fileRef = 6F2FC6BD282977F30043BD74 /* UIImageView+Additions.swift */; };
		6F2FC6C3282977F30043BD74 /* UIView+Extensions.swift in Sources */ = {isa = PBXBuildFile; fileRef = 6F2FC6BE282977F30043BD74 /* UIView+Extensions.swift */; };
		6F2FC6C4282977F30043BD74 /* UIView+NibLoading.swift in Sources */ = {isa = PBXBuildFile; fileRef = 6F2FC6BF282977F30043BD74 /* UIView+NibLoading.swift */; };
		6F2FC6C7282978120043BD74 /* Main.storyboard in Resources */ = {isa = PBXBuildFile; fileRef = 6F2FC6C5282978120043BD74 /* Main.storyboard */; };
		6F2FC6C8282978120043BD74 /* MainCoordinator.swift in Sources */ = {isa = PBXBuildFile; fileRef = 6F2FC6C6282978120043BD74 /* MainCoordinator.swift */; };
		6F2FC6CC282978FC0043BD74 /* ProductListRepository.swift in Sources */ = {isa = PBXBuildFile; fileRef = 6F2FC6CB282978FC0043BD74 /* ProductListRepository.swift */; };
		6F2FC6CE282979490043BD74 /* ProductListItemModel.swift in Sources */ = {isa = PBXBuildFile; fileRef = 6F2FC6CD282979490043BD74 /* ProductListItemModel.swift */; };
		6F2FC6D228297C460043BD74 /* ProductListViewController.xib in Resources */ = {isa = PBXBuildFile; fileRef = 6F2FC6D028297C460043BD74 /* ProductListViewController.xib */; };
		6F2FC6D328297C460043BD74 /* ProductListViewController.swift in Sources */ = {isa = PBXBuildFile; fileRef = 6F2FC6D128297C460043BD74 /* ProductListViewController.swift */; };
		6F2FC6D528297CB00043BD74 /* ProductListViewModel.swift in Sources */ = {isa = PBXBuildFile; fileRef = 6F2FC6D428297CB00043BD74 /* ProductListViewModel.swift */; };
		6F2FC6E4282AF5090043BD74 /* ProductDetailRepository.swift in Sources */ = {isa = PBXBuildFile; fileRef = 6F2FC6CF28297B670043BD74 /* ProductDetailRepository.swift */; };
		6F2FC6F4282AFC2F0043BD74 /* ProductDetailItemModel.swift in Sources */ = {isa = PBXBuildFile; fileRef = 6F2FC6F3282AFC2F0043BD74 /* ProductDetailItemModel.swift */; };
		6F2FC6F7282B06BF0043BD74 /* FileManager+Extensions.swift in Sources */ = {isa = PBXBuildFile; fileRef = 6F2FC6F6282B06BF0043BD74 /* FileManager+Extensions.swift */; };
		6F2FC6F9282BBF200043BD74 /* UIStackView+Extensions.swift in Sources */ = {isa = PBXBuildFile; fileRef = 6F2FC6F8282BBF200043BD74 /* UIStackView+Extensions.swift */; };
		6F2FC6FB282C179C0043BD74 /* LikesRepository.swift in Sources */ = {isa = PBXBuildFile; fileRef = 6F2FC6FA282C179B0043BD74 /* LikesRepository.swift */; };
		6F38F14A284ABFC60016FED2 /* UIViewController+Close.swift in Sources */ = {isa = PBXBuildFile; fileRef = 6F38F149284ABFC60016FED2 /* UIViewController+Close.swift */; };
		6F38F14D284B78D20016FED2 /* ProductListCollectionViewCell.swift in Sources */ = {isa = PBXBuildFile; fileRef = 6F38F14C284B78D20016FED2 /* ProductListCollectionViewCell.swift */; };
		6F38F14F284B794F0016FED2 /* ProductListCollectionViewCellViewModel.swift in Sources */ = {isa = PBXBuildFile; fileRef = 6F38F14E284B794F0016FED2 /* ProductListCollectionViewCellViewModel.swift */; };
		6F38F151284B799E0016FED2 /* ProductListCollectionViewCell.xib in Resources */ = {isa = PBXBuildFile; fileRef = 6F38F150284B799E0016FED2 /* ProductListCollectionViewCell.xib */; };
		6F38F155284B93D70016FED2 /* FuturaNo2DBold.ttf in Resources */ = {isa = PBXBuildFile; fileRef = 6F38F154284B93D70016FED2 /* FuturaNo2DBold.ttf */; };
		6F38F157284B963D0016FED2 /* Int+Extensions.swift in Sources */ = {isa = PBXBuildFile; fileRef = 6F38F156284B963D0016FED2 /* Int+Extensions.swift */; };
		6F38F159284BEAE70016FED2 /* ProductView.swift in Sources */ = {isa = PBXBuildFile; fileRef = 6F38F158284BEAE70016FED2 /* ProductView.swift */; };
		6F38F15B284BED2F0016FED2 /* ProductService.swift in Sources */ = {isa = PBXBuildFile; fileRef = 6F38F15A284BED2F0016FED2 /* ProductService.swift */; };
		6F38F15D284CAD8E0016FED2 /* MockProductDetailRepository.swift in Sources */ = {isa = PBXBuildFile; fileRef = 6F38F15C284CAD8E0016FED2 /* MockProductDetailRepository.swift */; };
		6F38F15F284CB17B0016FED2 /* ProductDetailItem+Arranges.swift in Sources */ = {isa = PBXBuildFile; fileRef = 6F38F15E284CB17B0016FED2 /* ProductDetailItem+Arranges.swift */; };
		6F38F161284CB78C0016FED2 /* XCTestCase+Utils.swift in Sources */ = {isa = PBXBuildFile; fileRef = 6F38F160284CB78B0016FED2 /* XCTestCase+Utils.swift */; };
		6F5E46DA284D4569002AF40C /* GradientView.swift in Sources */ = {isa = PBXBuildFile; fileRef = 6F5E46D9284D4569002AF40C /* GradientView.swift */; };
		6F5E46DC284D495C002AF40C /* ImageResolution.swift in Sources */ = {isa = PBXBuildFile; fileRef = 6F5E46DB284D495C002AF40C /* ImageResolution.swift */; };
		6F5E46DE284D4C2C002AF40C /* ContentView.swift in Sources */ = {isa = PBXBuildFile; fileRef = 6F5E46DD284D4C2C002AF40C /* ContentView.swift */; };
		6F5E46E0284D4F52002AF40C /* CategorySnapshotTests.swift in Sources */ = {isa = PBXBuildFile; fileRef = 6F5E46DF284D4F52002AF40C /* CategorySnapshotTests.swift */; };
		6F9EDC0C2849525700114101 /* CarouselView.xib in Resources */ = {isa = PBXBuildFile; fileRef = 6F9EDC072849525700114101 /* CarouselView.xib */; };
		6F9EDC0D2849525700114101 /* CarouselView.swift in Sources */ = {isa = PBXBuildFile; fileRef = 6F9EDC082849525700114101 /* CarouselView.swift */; };
		6F9EDC0E2849525700114101 /* CarouselTileView.swift in Sources */ = {isa = PBXBuildFile; fileRef = 6F9EDC092849525700114101 /* CarouselTileView.swift */; };
		6F9EDC0F2849525700114101 /* CarouselTileView.xib in Resources */ = {isa = PBXBuildFile; fileRef = 6F9EDC0A2849525700114101 /* CarouselTileView.xib */; };
		6F9EDC102849525700114101 /* CarouselTileViewModel.swift in Sources */ = {isa = PBXBuildFile; fileRef = 6F9EDC0B2849525700114101 /* CarouselTileViewModel.swift */; };
		6F9EDC122849531F00114101 /* Maths+Extensions.swift in Sources */ = {isa = PBXBuildFile; fileRef = 6F9EDC112849531F00114101 /* Maths+Extensions.swift */; };
		6F9EDC192849D24700114101 /* CarouselViewModel.swift in Sources */ = {isa = PBXBuildFile; fileRef = 6F9EDC182849D24700114101 /* CarouselViewModel.swift */; };
		6F9EDC1B2849D64700114101 /* String+Extensions.swift in Sources */ = {isa = PBXBuildFile; fileRef = 6F9EDC1A2849D64700114101 /* String+Extensions.swift */; };
		6F9EDC202849D70600114101 /* NSAttributedString+Convenience.swift in Sources */ = {isa = PBXBuildFile; fileRef = 6F9EDC1D2849D70600114101 /* NSAttributedString+Convenience.swift */; };
		6F9EDC212849D70600114101 /* NSAttributedString+Size.swift in Sources */ = {isa = PBXBuildFile; fileRef = 6F9EDC1E2849D70600114101 /* NSAttributedString+Size.swift */; };
		6F9EDC222849D70600114101 /* NSAttributedString+Attribute.swift in Sources */ = {isa = PBXBuildFile; fileRef = 6F9EDC1F2849D70600114101 /* NSAttributedString+Attribute.swift */; };
		6FA1F658282D9E7900122360 /* ChloeTests.swift in Sources */ = {isa = PBXBuildFile; fileRef = 6FA1F657282D9E7900122360 /* ChloeTests.swift */; };
		6FA2718D2849DFF100B0ECB3 /* FuturaNo2DEE.ttf in Resources */ = {isa = PBXBuildFile; fileRef = 6FA2718C2849DFF100B0ECB3 /* FuturaNo2DEE.ttf */; };
		6FA271902849E01D00B0ECB3 /* Font.swift in Sources */ = {isa = PBXBuildFile; fileRef = 6FA2718F2849E01D00B0ECB3 /* Font.swift */; };
		6FA271922849E05B00B0ECB3 /* UIDevice+Extensions.swift in Sources */ = {isa = PBXBuildFile; fileRef = 6FA271912849E05B00B0ECB3 /* UIDevice+Extensions.swift */; };
		6FBDF6742847C3E500A817A9 /* DetailSnapshotTests.swift in Sources */ = {isa = PBXBuildFile; fileRef = 6FBDF6732847C3E500A817A9 /* DetailSnapshotTests.swift */; };
		6FBDF67C2847C49100A817A9 /* SnapshotTesting in Frameworks */ = {isa = PBXBuildFile; productRef = 6FBDF67B2847C49100A817A9 /* SnapshotTesting */; };
		6FBDF67E2847C54700A817A9 /* SnapshotTest.swift in Sources */ = {isa = PBXBuildFile; fileRef = 6FBDF67D2847C54700A817A9 /* SnapshotTest.swift */; };
		6FBDF6802847C68000A817A9 /* UIView+Sizing.swift in Sources */ = {isa = PBXBuildFile; fileRef = 6FBDF67F2847C68000A817A9 /* UIView+Sizing.swift */; };
		6FBDF6852847CF2400A817A9 /* UIView+LoadingHUD.swift in Sources */ = {isa = PBXBuildFile; fileRef = 6FBDF6842847CF2400A817A9 /* UIView+LoadingHUD.swift */; };
		6FBDF6872847CF9700A817A9 /* LoadingHUD.xib in Resources */ = {isa = PBXBuildFile; fileRef = 6FBDF6862847CF9700A817A9 /* LoadingHUD.xib */; };
		6FBDF68D28480A0A00A817A9 /* CategoryViewController.swift in Sources */ = {isa = PBXBuildFile; fileRef = 6FBDF68C28480A0A00A817A9 /* CategoryViewController.swift */; };
		6FBDF69128480A2300A817A9 /* CategoryViewModel.swift in Sources */ = {isa = PBXBuildFile; fileRef = 6FBDF69028480A2300A817A9 /* CategoryViewModel.swift */; };
		6FBDF69328480A4100A817A9 /* CategoryViewController.xib in Resources */ = {isa = PBXBuildFile; fileRef = 6FBDF69228480A4100A817A9 /* CategoryViewController.xib */; };
		6FC13C34283FD8A300AA7EC8 /* LocalRepository.swift in Sources */ = {isa = PBXBuildFile; fileRef = 6FC13C33283FD8A300AA7EC8 /* LocalRepository.swift */; };
/* End PBXBuildFile section */

/* Begin PBXContainerItemProxy section */
		6FA1F659282D9E7900122360 /* PBXContainerItemProxy */ = {
			isa = PBXContainerItemProxy;
			containerPortal = 6F2FC6932829750F0043BD74 /* Project object */;
			proxyType = 1;
			remoteGlobalIDString = 6F2FC69A2829750F0043BD74;
			remoteInfo = "Breaking Bad";
		};
		6FBDF6752847C3E500A817A9 /* PBXContainerItemProxy */ = {
			isa = PBXContainerItemProxy;
			containerPortal = 6F2FC6932829750F0043BD74 /* Project object */;
			proxyType = 1;
			remoteGlobalIDString = 6F2FC69A2829750F0043BD74;
			remoteInfo = Chloe;
		};
/* End PBXContainerItemProxy section */

/* Begin PBXFileReference section */
		6F2FC69B2829750F0043BD74 /* Chloe.app */ = {isa = PBXFileReference; explicitFileType = wrapper.application; includeInIndex = 0; path = Chloe.app; sourceTree = BUILT_PRODUCTS_DIR; };
		6F2FC69E2829750F0043BD74 /* AppDelegate.swift */ = {isa = PBXFileReference; lastKnownFileType = sourcecode.swift; path = AppDelegate.swift; sourceTree = "<group>"; };
		6F2FC6A02829750F0043BD74 /* SceneDelegate.swift */ = {isa = PBXFileReference; lastKnownFileType = sourcecode.swift; path = SceneDelegate.swift; sourceTree = "<group>"; };
		6F2FC6A7282975110043BD74 /* Assets.xcassets */ = {isa = PBXFileReference; lastKnownFileType = folder.assetcatalog; path = Assets.xcassets; sourceTree = "<group>"; };
		6F2FC6AA282975110043BD74 /* Base */ = {isa = PBXFileReference; lastKnownFileType = file.storyboard; name = Base; path = Base.lproj/LaunchScreen.storyboard; sourceTree = "<group>"; };
		6F2FC6AC282975110043BD74 /* Info.plist */ = {isa = PBXFileReference; lastKnownFileType = text.plist.xml; path = Info.plist; sourceTree = "<group>"; };
		6F2FC6B5282976620043BD74 /* AsyncFetchState.swift */ = {isa = PBXFileReference; fileEncoding = 4; lastKnownFileType = sourcecode.swift; path = AsyncFetchState.swift; sourceTree = "<group>"; };
		6F2FC6B6282976620043BD74 /* RemoteRepository.swift */ = {isa = PBXFileReference; fileEncoding = 4; lastKnownFileType = sourcecode.swift; path = RemoteRepository.swift; sourceTree = "<group>"; };
		6F2FC6BB282977F30043BD74 /* UIView+Inspectables.swift */ = {isa = PBXFileReference; fileEncoding = 4; lastKnownFileType = sourcecode.swift; path = "UIView+Inspectables.swift"; sourceTree = "<group>"; };
		6F2FC6BD282977F30043BD74 /* UIImageView+Additions.swift */ = {isa = PBXFileReference; fileEncoding = 4; lastKnownFileType = sourcecode.swift; path = "UIImageView+Additions.swift"; sourceTree = "<group>"; };
		6F2FC6BE282977F30043BD74 /* UIView+Extensions.swift */ = {isa = PBXFileReference; fileEncoding = 4; lastKnownFileType = sourcecode.swift; path = "UIView+Extensions.swift"; sourceTree = "<group>"; };
		6F2FC6BF282977F30043BD74 /* UIView+NibLoading.swift */ = {isa = PBXFileReference; fileEncoding = 4; lastKnownFileType = sourcecode.swift; path = "UIView+NibLoading.swift"; sourceTree = "<group>"; };
		6F2FC6C5282978120043BD74 /* Main.storyboard */ = {isa = PBXFileReference; fileEncoding = 4; lastKnownFileType = file.storyboard; path = Main.storyboard; sourceTree = "<group>"; };
		6F2FC6C6282978120043BD74 /* MainCoordinator.swift */ = {isa = PBXFileReference; fileEncoding = 4; lastKnownFileType = sourcecode.swift; path = MainCoordinator.swift; sourceTree = "<group>"; };
		6F2FC6CB282978FC0043BD74 /* ProductListRepository.swift */ = {isa = PBXFileReference; fileEncoding = 4; lastKnownFileType = sourcecode.swift; path = ProductListRepository.swift; sourceTree = "<group>"; };
		6F2FC6CD282979490043BD74 /* ProductListItemModel.swift */ = {isa = PBXFileReference; lastKnownFileType = sourcecode.swift; path = ProductListItemModel.swift; sourceTree = "<group>"; };
		6F2FC6CF28297B670043BD74 /* ProductDetailRepository.swift */ = {isa = PBXFileReference; lastKnownFileType = sourcecode.swift; path = ProductDetailRepository.swift; sourceTree = "<group>"; };
		6F2FC6D028297C460043BD74 /* ProductListViewController.xib */ = {isa = PBXFileReference; fileEncoding = 4; lastKnownFileType = file.xib; path = ProductListViewController.xib; sourceTree = "<group>"; };
		6F2FC6D128297C460043BD74 /* ProductListViewController.swift */ = {isa = PBXFileReference; fileEncoding = 4; lastKnownFileType = sourcecode.swift; path = ProductListViewController.swift; sourceTree = "<group>"; };
		6F2FC6D428297CB00043BD74 /* ProductListViewModel.swift */ = {isa = PBXFileReference; fileEncoding = 4; lastKnownFileType = sourcecode.swift; path = ProductListViewModel.swift; sourceTree = "<group>"; };
		6F2FC6F3282AFC2F0043BD74 /* ProductDetailItemModel.swift */ = {isa = PBXFileReference; lastKnownFileType = sourcecode.swift; path = ProductDetailItemModel.swift; sourceTree = "<group>"; };
		6F2FC6F6282B06BF0043BD74 /* FileManager+Extensions.swift */ = {isa = PBXFileReference; fileEncoding = 4; lastKnownFileType = sourcecode.swift; path = "FileManager+Extensions.swift"; sourceTree = "<group>"; };
		6F2FC6F8282BBF200043BD74 /* UIStackView+Extensions.swift */ = {isa = PBXFileReference; fileEncoding = 4; lastKnownFileType = sourcecode.swift; path = "UIStackView+Extensions.swift"; sourceTree = "<group>"; };
		6F2FC6FA282C179B0043BD74 /* LikesRepository.swift */ = {isa = PBXFileReference; lastKnownFileType = sourcecode.swift; path = LikesRepository.swift; sourceTree = "<group>"; };
		6F38F149284ABFC60016FED2 /* UIViewController+Close.swift */ = {isa = PBXFileReference; fileEncoding = 4; lastKnownFileType = sourcecode.swift; path = "UIViewController+Close.swift"; sourceTree = "<group>"; };
		6F38F14C284B78D20016FED2 /* ProductListCollectionViewCell.swift */ = {isa = PBXFileReference; lastKnownFileType = sourcecode.swift; path = ProductListCollectionViewCell.swift; sourceTree = "<group>"; };
		6F38F14E284B794F0016FED2 /* ProductListCollectionViewCellViewModel.swift */ = {isa = PBXFileReference; lastKnownFileType = sourcecode.swift; path = ProductListCollectionViewCellViewModel.swift; sourceTree = "<group>"; };
		6F38F150284B799E0016FED2 /* ProductListCollectionViewCell.xib */ = {isa = PBXFileReference; fileEncoding = 4; lastKnownFileType = file.xib; path = ProductListCollectionViewCell.xib; sourceTree = "<group>"; };
		6F38F154284B93D70016FED2 /* FuturaNo2DBold.ttf */ = {isa = PBXFileReference; lastKnownFileType = file; path = FuturaNo2DBold.ttf; sourceTree = "<group>"; };
		6F38F156284B963D0016FED2 /* Int+Extensions.swift */ = {isa = PBXFileReference; lastKnownFileType = sourcecode.swift; path = "Int+Extensions.swift"; sourceTree = "<group>"; };
		6F38F158284BEAE70016FED2 /* ProductView.swift */ = {isa = PBXFileReference; lastKnownFileType = sourcecode.swift; path = ProductView.swift; sourceTree = "<group>"; };
		6F38F15A284BED2F0016FED2 /* ProductService.swift */ = {isa = PBXFileReference; lastKnownFileType = sourcecode.swift; path = ProductService.swift; sourceTree = "<group>"; };
		6F38F15C284CAD8E0016FED2 /* MockProductDetailRepository.swift */ = {isa = PBXFileReference; lastKnownFileType = sourcecode.swift; path = MockProductDetailRepository.swift; sourceTree = "<group>"; };
		6F38F15E284CB17B0016FED2 /* ProductDetailItem+Arranges.swift */ = {isa = PBXFileReference; lastKnownFileType = sourcecode.swift; path = "ProductDetailItem+Arranges.swift"; sourceTree = "<group>"; };
		6F38F160284CB78B0016FED2 /* XCTestCase+Utils.swift */ = {isa = PBXFileReference; fileEncoding = 4; lastKnownFileType = sourcecode.swift; path = "XCTestCase+Utils.swift"; sourceTree = "<group>"; };
		6F38F163284CB89B0016FED2 /* iOS Developer test.pdf */ = {isa = PBXFileReference; lastKnownFileType = image.pdf; path = "iOS Developer test.pdf"; sourceTree = "<group>"; };
		6F38F164284CB8C50016FED2 /* README.md */ = {isa = PBXFileReference; lastKnownFileType = net.daringfireball.markdown; path = README.md; sourceTree = "<group>"; };
		6F5E46D9284D4569002AF40C /* GradientView.swift */ = {isa = PBXFileReference; lastKnownFileType = sourcecode.swift; path = GradientView.swift; sourceTree = "<group>"; };
		6F5E46DB284D495C002AF40C /* ImageResolution.swift */ = {isa = PBXFileReference; lastKnownFileType = sourcecode.swift; path = ImageResolution.swift; sourceTree = "<group>"; };
		6F5E46DD284D4C2C002AF40C /* ContentView.swift */ = {isa = PBXFileReference; lastKnownFileType = sourcecode.swift; path = ContentView.swift; sourceTree = "<group>"; };
		6F5E46DF284D4F52002AF40C /* CategorySnapshotTests.swift */ = {isa = PBXFileReference; lastKnownFileType = sourcecode.swift; path = CategorySnapshotTests.swift; sourceTree = "<group>"; };
		6F9EDC072849525700114101 /* CarouselView.xib */ = {isa = PBXFileReference; fileEncoding = 4; lastKnownFileType = file.xib; path = CarouselView.xib; sourceTree = "<group>"; };
		6F9EDC082849525700114101 /* CarouselView.swift */ = {isa = PBXFileReference; fileEncoding = 4; lastKnownFileType = sourcecode.swift; path = CarouselView.swift; sourceTree = "<group>"; };
		6F9EDC092849525700114101 /* CarouselTileView.swift */ = {isa = PBXFileReference; fileEncoding = 4; lastKnownFileType = sourcecode.swift; path = CarouselTileView.swift; sourceTree = "<group>"; };
		6F9EDC0A2849525700114101 /* CarouselTileView.xib */ = {isa = PBXFileReference; fileEncoding = 4; lastKnownFileType = file.xib; path = CarouselTileView.xib; sourceTree = "<group>"; };
		6F9EDC0B2849525700114101 /* CarouselTileViewModel.swift */ = {isa = PBXFileReference; fileEncoding = 4; lastKnownFileType = sourcecode.swift; path = CarouselTileViewModel.swift; sourceTree = "<group>"; };
		6F9EDC112849531F00114101 /* Maths+Extensions.swift */ = {isa = PBXFileReference; fileEncoding = 4; lastKnownFileType = sourcecode.swift; path = "Maths+Extensions.swift"; sourceTree = "<group>"; };
		6F9EDC182849D24700114101 /* CarouselViewModel.swift */ = {isa = PBXFileReference; lastKnownFileType = sourcecode.swift; path = CarouselViewModel.swift; sourceTree = "<group>"; };
		6F9EDC1A2849D64700114101 /* String+Extensions.swift */ = {isa = PBXFileReference; fileEncoding = 4; lastKnownFileType = sourcecode.swift; path = "String+Extensions.swift"; sourceTree = "<group>"; };
		6F9EDC1D2849D70600114101 /* NSAttributedString+Convenience.swift */ = {isa = PBXFileReference; fileEncoding = 4; lastKnownFileType = sourcecode.swift; path = "NSAttributedString+Convenience.swift"; sourceTree = "<group>"; };
		6F9EDC1E2849D70600114101 /* NSAttributedString+Size.swift */ = {isa = PBXFileReference; fileEncoding = 4; lastKnownFileType = sourcecode.swift; path = "NSAttributedString+Size.swift"; sourceTree = "<group>"; };
		6F9EDC1F2849D70600114101 /* NSAttributedString+Attribute.swift */ = {isa = PBXFileReference; fileEncoding = 4; lastKnownFileType = sourcecode.swift; path = "NSAttributedString+Attribute.swift"; sourceTree = "<group>"; };
		6FA1F655282D9E7900122360 /* ChloeTests.xctest */ = {isa = PBXFileReference; explicitFileType = wrapper.cfbundle; includeInIndex = 0; path = ChloeTests.xctest; sourceTree = BUILT_PRODUCTS_DIR; };
		6FA1F657282D9E7900122360 /* ChloeTests.swift */ = {isa = PBXFileReference; lastKnownFileType = sourcecode.swift; path = ChloeTests.swift; sourceTree = "<group>"; };
		6FA2718C2849DFF100B0ECB3 /* FuturaNo2DEE.ttf */ = {isa = PBXFileReference; lastKnownFileType = file; path = FuturaNo2DEE.ttf; sourceTree = "<group>"; };
		6FA2718F2849E01D00B0ECB3 /* Font.swift */ = {isa = PBXFileReference; fileEncoding = 4; lastKnownFileType = sourcecode.swift; path = Font.swift; sourceTree = "<group>"; };
		6FA271912849E05B00B0ECB3 /* UIDevice+Extensions.swift */ = {isa = PBXFileReference; fileEncoding = 4; lastKnownFileType = sourcecode.swift; path = "UIDevice+Extensions.swift"; sourceTree = "<group>"; };
		6FBDF6712847C3E500A817A9 /* ChloeSnapshotTests.xctest */ = {isa = PBXFileReference; explicitFileType = wrapper.cfbundle; includeInIndex = 0; path = ChloeSnapshotTests.xctest; sourceTree = BUILT_PRODUCTS_DIR; };
		6FBDF6732847C3E500A817A9 /* DetailSnapshotTests.swift */ = {isa = PBXFileReference; lastKnownFileType = sourcecode.swift; path = DetailSnapshotTests.swift; sourceTree = "<group>"; };
		6FBDF67D2847C54700A817A9 /* SnapshotTest.swift */ = {isa = PBXFileReference; fileEncoding = 4; lastKnownFileType = sourcecode.swift; path = SnapshotTest.swift; sourceTree = "<group>"; };
		6FBDF67F2847C68000A817A9 /* UIView+Sizing.swift */ = {isa = PBXFileReference; fileEncoding = 4; lastKnownFileType = sourcecode.swift; path = "UIView+Sizing.swift"; sourceTree = "<group>"; };
		6FBDF6842847CF2400A817A9 /* UIView+LoadingHUD.swift */ = {isa = PBXFileReference; fileEncoding = 4; lastKnownFileType = sourcecode.swift; path = "UIView+LoadingHUD.swift"; sourceTree = "<group>"; };
		6FBDF6862847CF9700A817A9 /* LoadingHUD.xib */ = {isa = PBXFileReference; fileEncoding = 4; lastKnownFileType = file.xib; path = LoadingHUD.xib; sourceTree = "<group>"; };
		6FBDF68C28480A0A00A817A9 /* CategoryViewController.swift */ = {isa = PBXFileReference; lastKnownFileType = sourcecode.swift; path = CategoryViewController.swift; sourceTree = "<group>"; };
		6FBDF69028480A2300A817A9 /* CategoryViewModel.swift */ = {isa = PBXFileReference; lastKnownFileType = sourcecode.swift; path = CategoryViewModel.swift; sourceTree = "<group>"; };
		6FBDF69228480A4100A817A9 /* CategoryViewController.xib */ = {isa = PBXFileReference; lastKnownFileType = file.xib; path = CategoryViewController.xib; sourceTree = "<group>"; };
		6FC13C33283FD8A300AA7EC8 /* LocalRepository.swift */ = {isa = PBXFileReference; fileEncoding = 4; lastKnownFileType = sourcecode.swift; path = LocalRepository.swift; sourceTree = "<group>"; };
/* End PBXFileReference section */

/* Begin PBXFrameworksBuildPhase section */
		6F2FC6982829750F0043BD74 /* Frameworks */ = {
			isa = PBXFrameworksBuildPhase;
			buildActionMask = 2147483647;
			files = (
			);
			runOnlyForDeploymentPostprocessing = 0;
		};
		6FA1F652282D9E7900122360 /* Frameworks */ = {
			isa = PBXFrameworksBuildPhase;
			buildActionMask = 2147483647;
			files = (
			);
			runOnlyForDeploymentPostprocessing = 0;
		};
		6FBDF66E2847C3E500A817A9 /* Frameworks */ = {
			isa = PBXFrameworksBuildPhase;
			buildActionMask = 2147483647;
			files = (
				6FBDF67C2847C49100A817A9 /* SnapshotTesting in Frameworks */,
			);
			runOnlyForDeploymentPostprocessing = 0;
		};
/* End PBXFrameworksBuildPhase section */

/* Begin PBXGroup section */
		6F2FC6922829750F0043BD74 = {
			isa = PBXGroup;
			children = (
				6F2FC69D2829750F0043BD74 /* Chloe */,
				6F38F162284CB8280016FED2 /* Readme */,
				6FA1F656282D9E7900122360 /* ChloeTests */,
				6FBDF6722847C3E500A817A9 /* ChloeSnapshotTests */,
				6F2FC69C2829750F0043BD74 /* Products */,
			);
			sourceTree = "<group>";
		};
		6F2FC69C2829750F0043BD74 /* Products */ = {
			isa = PBXGroup;
			children = (
				6F2FC69B2829750F0043BD74 /* Chloe.app */,
				6FA1F655282D9E7900122360 /* ChloeTests.xctest */,
				6FBDF6712847C3E500A817A9 /* ChloeSnapshotTests.xctest */,
			);
			name = Products;
			sourceTree = "<group>";
		};
		6F2FC69D2829750F0043BD74 /* Chloe */ = {
			isa = PBXGroup;
			children = (
				6F2FC6B22829752A0043BD74 /* Core */,
				6F2FC6BA282977DE0043BD74 /* Extensions */,
				6F2FC6B32829764A0043BD74 /* Shared */,
				6FBDF68B284809F100A817A9 /* Categories */,
				6F2FC6C92829788A0043BD74 /* ProductList */,
				6F2FC6CA282978980043BD74 /* ProductDetail */,
				6F2FC6F5282AFC4F0043BD74 /* Models */,
				6FA1F650282D983600122360 /* Repositories */,
				6F2FC6C5282978120043BD74 /* Main.storyboard */,
				6F2FC6C6282978120043BD74 /* MainCoordinator.swift */,
				6FA2718B2849DFD500B0ECB3 /* Resources */,
			);
			path = Chloe;
			sourceTree = "<group>";
		};
		6F2FC6B22829752A0043BD74 /* Core */ = {
			isa = PBXGroup;
			children = (
				6F2FC69E2829750F0043BD74 /* AppDelegate.swift */,
				6F2FC6A02829750F0043BD74 /* SceneDelegate.swift */,
				6F2FC6AC282975110043BD74 /* Info.plist */,
				6F2FC6A9282975110043BD74 /* LaunchScreen.storyboard */,
			);
			path = Core;
			sourceTree = "<group>";
		};
		6F2FC6B32829764A0043BD74 /* Shared */ = {
			isa = PBXGroup;
			children = (
				6F9EDC062849525700114101 /* Carousel View */,
				6F2FC6B5282976620043BD74 /* AsyncFetchState.swift */,
				6FA2718F2849E01D00B0ECB3 /* Font.swift */,
				6F5E46D9284D4569002AF40C /* GradientView.swift */,
				6F5E46DB284D495C002AF40C /* ImageResolution.swift */,
			);
			path = Shared;
			sourceTree = "<group>";
		};
		6F2FC6BA282977DE0043BD74 /* Extensions */ = {
			isa = PBXGroup;
			children = (
				6F9EDC1C2849D6C800114101 /* NSAttributedString */,
				6F2FC6F6282B06BF0043BD74 /* FileManager+Extensions.swift */,
				6F38F156284B963D0016FED2 /* Int+Extensions.swift */,
				6F9EDC112849531F00114101 /* Maths+Extensions.swift */,
				6F9EDC1A2849D64700114101 /* String+Extensions.swift */,
				6FA271912849E05B00B0ECB3 /* UIDevice+Extensions.swift */,
				6F2FC6BD282977F30043BD74 /* UIImageView+Additions.swift */,
				6F2FC6F8282BBF200043BD74 /* UIStackView+Extensions.swift */,
				6F38F149284ABFC60016FED2 /* UIViewController+Close.swift */,
				6F2FC6BE282977F30043BD74 /* UIView+Extensions.swift */,
				6F2FC6BB282977F30043BD74 /* UIView+Inspectables.swift */,
				6F2FC6BF282977F30043BD74 /* UIView+NibLoading.swift */,
				6FBDF6842847CF2400A817A9 /* UIView+LoadingHUD.swift */,
				6FBDF6862847CF9700A817A9 /* LoadingHUD.xib */,
			);
			path = Extensions;
			sourceTree = "<group>";
		};
		6F2FC6C92829788A0043BD74 /* ProductList */ = {
			isa = PBXGroup;
			children = (
				6F38F14B284B78B60016FED2 /* ProductListCollectionViewCell */,
				6F2FC6D028297C460043BD74 /* ProductListViewController.xib */,
				6F2FC6D128297C460043BD74 /* ProductListViewController.swift */,
				6F2FC6D428297CB00043BD74 /* ProductListViewModel.swift */,
			);
			path = ProductList;
			sourceTree = "<group>";
		};
		6F2FC6CA282978980043BD74 /* ProductDetail */ = {
			isa = PBXGroup;
			children = (
				6F38F158284BEAE70016FED2 /* ProductView.swift */,
				6F5E46DD284D4C2C002AF40C /* ContentView.swift */,
				6F38F15A284BED2F0016FED2 /* ProductService.swift */,
			);
			path = ProductDetail;
			sourceTree = "<group>";
		};
		6F2FC6F5282AFC4F0043BD74 /* Models */ = {
			isa = PBXGroup;
			children = (
				6F2FC6CD282979490043BD74 /* ProductListItemModel.swift */,
				6F2FC6F3282AFC2F0043BD74 /* ProductDetailItemModel.swift */,
			);
			path = Models;
			sourceTree = "<group>";
		};
		6F38F14B284B78B60016FED2 /* ProductListCollectionViewCell */ = {
			isa = PBXGroup;
			children = (
				6F38F150284B799E0016FED2 /* ProductListCollectionViewCell.xib */,
				6F38F14C284B78D20016FED2 /* ProductListCollectionViewCell.swift */,
				6F38F14E284B794F0016FED2 /* ProductListCollectionViewCellViewModel.swift */,
			);
			path = ProductListCollectionViewCell;
			sourceTree = "<group>";
		};
		6F38F162284CB8280016FED2 /* Readme */ = {
			isa = PBXGroup;
			children = (
				6F38F164284CB8C50016FED2 /* README.md */,
				6F38F163284CB89B0016FED2 /* iOS Developer test.pdf */,
			);
			path = Readme;
			sourceTree = "<group>";
		};
		6F9EDC062849525700114101 /* Carousel View */ = {
			isa = PBXGroup;
			children = (
				6F9EDC132849573800114101 /* Carousel Tile View */,
				6F9EDC072849525700114101 /* CarouselView.xib */,
				6F9EDC082849525700114101 /* CarouselView.swift */,
				6F9EDC182849D24700114101 /* CarouselViewModel.swift */,
			);
			path = "Carousel View";
			sourceTree = "<group>";
		};
		6F9EDC132849573800114101 /* Carousel Tile View */ = {
			isa = PBXGroup;
			children = (
				6F9EDC0A2849525700114101 /* CarouselTileView.xib */,
				6F9EDC092849525700114101 /* CarouselTileView.swift */,
				6F9EDC0B2849525700114101 /* CarouselTileViewModel.swift */,
			);
			path = "Carousel Tile View";
			sourceTree = "<group>";
		};
		6F9EDC1C2849D6C800114101 /* NSAttributedString */ = {
			isa = PBXGroup;
			children = (
				6F9EDC1F2849D70600114101 /* NSAttributedString+Attribute.swift */,
				6F9EDC1D2849D70600114101 /* NSAttributedString+Convenience.swift */,
				6F9EDC1E2849D70600114101 /* NSAttributedString+Size.swift */,
			);
			path = NSAttributedString;
			sourceTree = "<group>";
		};
		6FA1F650282D983600122360 /* Repositories */ = {
			isa = PBXGroup;
			children = (
				6FBDF68A2848035300A817A9 /* Shared */,
				6F2FC6FA282C179B0043BD74 /* LikesRepository.swift */,
				6F2FC6CF28297B670043BD74 /* ProductDetailRepository.swift */,
				6F2FC6CB282978FC0043BD74 /* ProductListRepository.swift */,
			);
			path = Repositories;
			sourceTree = "<group>";
		};
		6FA1F656282D9E7900122360 /* ChloeTests */ = {
			isa = PBXGroup;
			children = (
				6FA1F657282D9E7900122360 /* ChloeTests.swift */,
			);
			path = ChloeTests;
			sourceTree = "<group>";
		};
		6FA2718B2849DFD500B0ECB3 /* Resources */ = {
			isa = PBXGroup;
			children = (
				6FA2718E2849DFF600B0ECB3 /* Fonts */,
				6F2FC6A7282975110043BD74 /* Assets.xcassets */,
			);
			path = Resources;
			sourceTree = "<group>";
		};
		6FA2718E2849DFF600B0ECB3 /* Fonts */ = {
			isa = PBXGroup;
			children = (
				6FA2718C2849DFF100B0ECB3 /* FuturaNo2DEE.ttf */,
				6F38F154284B93D70016FED2 /* FuturaNo2DBold.ttf */,
			);
			path = Fonts;
			sourceTree = "<group>";
		};
		6FBDF6722847C3E500A817A9 /* ChloeSnapshotTests */ = {
			isa = PBXGroup;
			children = (
				6FBDF6812847C70B00A817A9 /* Shared */,
				6F5E46DF284D4F52002AF40C /* CategorySnapshotTests.swift */,
				6FBDF6732847C3E500A817A9 /* DetailSnapshotTests.swift */,
			);
			path = ChloeSnapshotTests;
			sourceTree = "<group>";
		};
		6FBDF6812847C70B00A817A9 /* Shared */ = {
			isa = PBXGroup;
			children = (
				6FBDF67D2847C54700A817A9 /* SnapshotTest.swift */,
				6FBDF67F2847C68000A817A9 /* UIView+Sizing.swift */,
				6F38F160284CB78B0016FED2 /* XCTestCase+Utils.swift */,
				6F38F15C284CAD8E0016FED2 /* MockProductDetailRepository.swift */,
				6F38F15E284CB17B0016FED2 /* ProductDetailItem+Arranges.swift */,
			);
			path = Shared;
			sourceTree = "<group>";
		};
		6FBDF68A2848035300A817A9 /* Shared */ = {
			isa = PBXGroup;
			children = (
				6FC13C33283FD8A300AA7EC8 /* LocalRepository.swift */,
				6F2FC6B6282976620043BD74 /* RemoteRepository.swift */,
			);
			path = Shared;
			sourceTree = "<group>";
		};
		6FBDF68B284809F100A817A9 /* Categories */ = {
			isa = PBXGroup;
			children = (
				6FBDF69228480A4100A817A9 /* CategoryViewController.xib */,
				6FBDF68C28480A0A00A817A9 /* CategoryViewController.swift */,
				6FBDF69028480A2300A817A9 /* CategoryViewModel.swift */,
			);
			path = Categories;
			sourceTree = "<group>";
		};
/* End PBXGroup section */

/* Begin PBXNativeTarget section */
		6F2FC69A2829750F0043BD74 /* Chloe */ = {
			isa = PBXNativeTarget;
			buildConfigurationList = 6F2FC6AF282975110043BD74 /* Build configuration list for PBXNativeTarget "Chloe" */;
			buildPhases = (
				6F2FC6972829750F0043BD74 /* Sources */,
				6F2FC6982829750F0043BD74 /* Frameworks */,
				6F2FC6992829750F0043BD74 /* Resources */,
			);
			buildRules = (
			);
			dependencies = (
			);
			name = Chloe;
			packageProductDependencies = (
			);
			productName = "Breaking Bad";
			productReference = 6F2FC69B2829750F0043BD74 /* Chloe.app */;
			productType = "com.apple.product-type.application";
		};
		6FA1F654282D9E7900122360 /* ChloeTests */ = {
			isa = PBXNativeTarget;
			buildConfigurationList = 6FA1F65B282D9E7900122360 /* Build configuration list for PBXNativeTarget "ChloeTests" */;
			buildPhases = (
				6FA1F651282D9E7900122360 /* Sources */,
				6FA1F652282D9E7900122360 /* Frameworks */,
				6FA1F653282D9E7900122360 /* Resources */,
			);
			buildRules = (
			);
			dependencies = (
				6FA1F65A282D9E7900122360 /* PBXTargetDependency */,
			);
			name = ChloeTests;
			productName = "Breaking BadTests";
			productReference = 6FA1F655282D9E7900122360 /* ChloeTests.xctest */;
			productType = "com.apple.product-type.bundle.unit-test";
		};
		6FBDF6702847C3E500A817A9 /* ChloeSnapshotTests */ = {
			isa = PBXNativeTarget;
			buildConfigurationList = 6FBDF6772847C3E500A817A9 /* Build configuration list for PBXNativeTarget "ChloeSnapshotTests" */;
			buildPhases = (
				6FBDF66D2847C3E500A817A9 /* Sources */,
				6FBDF66E2847C3E500A817A9 /* Frameworks */,
				6FBDF66F2847C3E500A817A9 /* Resources */,
			);
			buildRules = (
			);
			dependencies = (
				6FBDF6762847C3E500A817A9 /* PBXTargetDependency */,
			);
			name = ChloeSnapshotTests;
			packageProductDependencies = (
				6FBDF67B2847C49100A817A9 /* SnapshotTesting */,
			);
			productName = ChloeSnapshotTests;
			productReference = 6FBDF6712847C3E500A817A9 /* ChloeSnapshotTests.xctest */;
			productType = "com.apple.product-type.bundle.unit-test";
		};
/* End PBXNativeTarget section */

/* Begin PBXProject section */
		6F2FC6932829750F0043BD74 /* Project object */ = {
			isa = PBXProject;
			attributes = {
				BuildIndependentTargetsInParallel = 1;
				LastSwiftUpdateCheck = 1340;
				LastUpgradeCheck = 1330;
				TargetAttributes = {
					6F2FC69A2829750F0043BD74 = {
						CreatedOnToolsVersion = 13.3.1;
					};
					6FA1F654282D9E7900122360 = {
						CreatedOnToolsVersion = 13.3.1;
						TestTargetID = 6F2FC69A2829750F0043BD74;
					};
					6FBDF6702847C3E500A817A9 = {
						CreatedOnToolsVersion = 13.4;
						TestTargetID = 6F2FC69A2829750F0043BD74;
					};
				};
			};
			buildConfigurationList = 6F2FC6962829750F0043BD74 /* Build configuration list for PBXProject "Chloe" */;
			compatibilityVersion = "Xcode 13.0";
			developmentRegion = en;
			hasScannedForEncodings = 0;
			knownRegions = (
				en,
				Base,
			);
			mainGroup = 6F2FC6922829750F0043BD74;
			packageReferences = (
				6FBDF67A2847C49100A817A9 /* XCRemoteSwiftPackageReference "swift-snapshot-testing" */,
			);
			productRefGroup = 6F2FC69C2829750F0043BD74 /* Products */;
			projectDirPath = "";
			projectRoot = "";
			targets = (
				6F2FC69A2829750F0043BD74 /* Chloe */,
				6FA1F654282D9E7900122360 /* ChloeTests */,
				6FBDF6702847C3E500A817A9 /* ChloeSnapshotTests */,
			);
		};
/* End PBXProject section */

/* Begin PBXResourcesBuildPhase section */
		6F2FC6992829750F0043BD74 /* Resources */ = {
			isa = PBXResourcesBuildPhase;
			buildActionMask = 2147483647;
			files = (
				6FBDF69328480A4100A817A9 /* CategoryViewController.xib in Resources */,
				6F2FC6D228297C460043BD74 /* ProductListViewController.xib in Resources */,
				6F9EDC0C2849525700114101 /* CarouselView.xib in Resources */,
				6F9EDC0F2849525700114101 /* CarouselTileView.xib in Resources */,
				6F38F155284B93D70016FED2 /* FuturaNo2DBold.ttf in Resources */,
				6FA2718D2849DFF100B0ECB3 /* FuturaNo2DEE.ttf in Resources */,
				6F2FC6AB282975110043BD74 /* LaunchScreen.storyboard in Resources */,
				6F2FC6A8282975110043BD74 /* Assets.xcassets in Resources */,
				6F2FC6C7282978120043BD74 /* Main.storyboard in Resources */,
				6F38F151284B799E0016FED2 /* ProductListCollectionViewCell.xib in Resources */,
				6FBDF6872847CF9700A817A9 /* LoadingHUD.xib in Resources */,
			);
			runOnlyForDeploymentPostprocessing = 0;
		};
		6FA1F653282D9E7900122360 /* Resources */ = {
			isa = PBXResourcesBuildPhase;
			buildActionMask = 2147483647;
			files = (
			);
			runOnlyForDeploymentPostprocessing = 0;
		};
		6FBDF66F2847C3E500A817A9 /* Resources */ = {
			isa = PBXResourcesBuildPhase;
			buildActionMask = 2147483647;
			files = (
			);
			runOnlyForDeploymentPostprocessing = 0;
		};
/* End PBXResourcesBuildPhase section */

/* Begin PBXSourcesBuildPhase section */
		6F2FC6972829750F0043BD74 /* Sources */ = {
			isa = PBXSourcesBuildPhase;
			buildActionMask = 2147483647;
			files = (
				6F5E46DC284D495C002AF40C /* ImageResolution.swift in Sources */,
				6F38F159284BEAE70016FED2 /* ProductView.swift in Sources */,
				6F5E46DE284D4C2C002AF40C /* ContentView.swift in Sources */,
				6FBDF69128480A2300A817A9 /* CategoryViewModel.swift in Sources */,
				6F38F15B284BED2F0016FED2 /* ProductService.swift in Sources */,
				6F9EDC0E2849525700114101 /* CarouselTileView.swift in Sources */,
				6F38F14D284B78D20016FED2 /* ProductListCollectionViewCell.swift in Sources */,
				6F2FC6C8282978120043BD74 /* MainCoordinator.swift in Sources */,
				6F2FC69F2829750F0043BD74 /* AppDelegate.swift in Sources */,
				6FA271902849E01D00B0ECB3 /* Font.swift in Sources */,
				6F9EDC192849D24700114101 /* CarouselViewModel.swift in Sources */,
				6F2FC6C3282977F30043BD74 /* UIView+Extensions.swift in Sources */,
				6F9EDC0D2849525700114101 /* CarouselView.swift in Sources */,
				6F2FC6C4282977F30043BD74 /* UIView+NibLoading.swift in Sources */,
				6F2FC6CC282978FC0043BD74 /* ProductListRepository.swift in Sources */,
				6F38F14A284ABFC60016FED2 /* UIViewController+Close.swift in Sources */,
				6F9EDC222849D70600114101 /* NSAttributedString+Attribute.swift in Sources */,
				6F9EDC122849531F00114101 /* Maths+Extensions.swift in Sources */,
				6F2FC6E4282AF5090043BD74 /* ProductDetailRepository.swift in Sources */,
				6F9EDC1B2849D64700114101 /* String+Extensions.swift in Sources */,
				6F2FC6D328297C460043BD74 /* ProductListViewController.swift in Sources */,
				6F9EDC202849D70600114101 /* NSAttributedString+Convenience.swift in Sources */,
				6F38F157284B963D0016FED2 /* Int+Extensions.swift in Sources */,
				6F2FC6F4282AFC2F0043BD74 /* ProductDetailItemModel.swift in Sources */,
				6F5E46DA284D4569002AF40C /* GradientView.swift in Sources */,
				6F2FC6CE282979490043BD74 /* ProductListItemModel.swift in Sources */,
				6F2FC6C0282977F30043BD74 /* UIView+Inspectables.swift in Sources */,
				6F2FC6D528297CB00043BD74 /* ProductListViewModel.swift in Sources */,
				6F2FC6A12829750F0043BD74 /* SceneDelegate.swift in Sources */,
				6FBDF68D28480A0A00A817A9 /* CategoryViewController.swift in Sources */,
				6FC13C34283FD8A300AA7EC8 /* LocalRepository.swift in Sources */,
				6F38F14F284B794F0016FED2 /* ProductListCollectionViewCellViewModel.swift in Sources */,
				6F2FC6B8282976620043BD74 /* AsyncFetchState.swift in Sources */,
				6F2FC6C2282977F30043BD74 /* UIImageView+Additions.swift in Sources */,
				6F2FC6FB282C179C0043BD74 /* LikesRepository.swift in Sources */,
				6F2FC6B9282976620043BD74 /* RemoteRepository.swift in Sources */,
				6FA271922849E05B00B0ECB3 /* UIDevice+Extensions.swift in Sources */,
				6F2FC6F9282BBF200043BD74 /* UIStackView+Extensions.swift in Sources */,
				6F2FC6F7282B06BF0043BD74 /* FileManager+Extensions.swift in Sources */,
				6F9EDC102849525700114101 /* CarouselTileViewModel.swift in Sources */,
				6F9EDC212849D70600114101 /* NSAttributedString+Size.swift in Sources */,
				6FBDF6852847CF2400A817A9 /* UIView+LoadingHUD.swift in Sources */,
			);
			runOnlyForDeploymentPostprocessing = 0;
		};
		6FA1F651282D9E7900122360 /* Sources */ = {
			isa = PBXSourcesBuildPhase;
			buildActionMask = 2147483647;
			files = (
				6FA1F658282D9E7900122360 /* ChloeTests.swift in Sources */,
			);
			runOnlyForDeploymentPostprocessing = 0;
		};
		6FBDF66D2847C3E500A817A9 /* Sources */ = {
			isa = PBXSourcesBuildPhase;
			buildActionMask = 2147483647;
			files = (
				6F5E46E0284D4F52002AF40C /* CategorySnapshotTests.swift in Sources */,
				6F38F15F284CB17B0016FED2 /* ProductDetailItem+Arranges.swift in Sources */,
				6FBDF6802847C68000A817A9 /* UIView+Sizing.swift in Sources */,
				6F38F161284CB78C0016FED2 /* XCTestCase+Utils.swift in Sources */,
				6FBDF6742847C3E500A817A9 /* DetailSnapshotTests.swift in Sources */,
				6F38F15D284CAD8E0016FED2 /* MockProductDetailRepository.swift in Sources */,
				6FBDF67E2847C54700A817A9 /* SnapshotTest.swift in Sources */,
			);
			runOnlyForDeploymentPostprocessing = 0;
		};
/* End PBXSourcesBuildPhase section */

/* Begin PBXTargetDependency section */
		6FA1F65A282D9E7900122360 /* PBXTargetDependency */ = {
			isa = PBXTargetDependency;
			target = 6F2FC69A2829750F0043BD74 /* Chloe */;
			targetProxy = 6FA1F659282D9E7900122360 /* PBXContainerItemProxy */;
		};
		6FBDF6762847C3E500A817A9 /* PBXTargetDependency */ = {
			isa = PBXTargetDependency;
			target = 6F2FC69A2829750F0043BD74 /* Chloe */;
			targetProxy = 6FBDF6752847C3E500A817A9 /* PBXContainerItemProxy */;
		};
/* End PBXTargetDependency section */

/* Begin PBXVariantGroup section */
		6F2FC6A9282975110043BD74 /* LaunchScreen.storyboard */ = {
			isa = PBXVariantGroup;
			children = (
				6F2FC6AA282975110043BD74 /* Base */,
			);
			name = LaunchScreen.storyboard;
			sourceTree = "<group>";
		};
/* End PBXVariantGroup section */

/* Begin XCBuildConfiguration section */
		6F2FC6AD282975110043BD74 /* Debug */ = {
			isa = XCBuildConfiguration;
			buildSettings = {
				ALWAYS_SEARCH_USER_PATHS = NO;
				CLANG_ANALYZER_NONNULL = YES;
				CLANG_ANALYZER_NUMBER_OBJECT_CONVERSION = YES_AGGRESSIVE;
				CLANG_CXX_LANGUAGE_STANDARD = "gnu++17";
				CLANG_ENABLE_MODULES = YES;
				CLANG_ENABLE_OBJC_ARC = YES;
				CLANG_ENABLE_OBJC_WEAK = YES;
				CLANG_WARN_BLOCK_CAPTURE_AUTORELEASING = YES;
				CLANG_WARN_BOOL_CONVERSION = YES;
				CLANG_WARN_COMMA = YES;
				CLANG_WARN_CONSTANT_CONVERSION = YES;
				CLANG_WARN_DEPRECATED_OBJC_IMPLEMENTATIONS = YES;
				CLANG_WARN_DIRECT_OBJC_ISA_USAGE = YES_ERROR;
				CLANG_WARN_DOCUMENTATION_COMMENTS = YES;
				CLANG_WARN_EMPTY_BODY = YES;
				CLANG_WARN_ENUM_CONVERSION = YES;
				CLANG_WARN_INFINITE_RECURSION = YES;
				CLANG_WARN_INT_CONVERSION = YES;
				CLANG_WARN_NON_LITERAL_NULL_CONVERSION = YES;
				CLANG_WARN_OBJC_IMPLICIT_RETAIN_SELF = YES;
				CLANG_WARN_OBJC_LITERAL_CONVERSION = YES;
				CLANG_WARN_OBJC_ROOT_CLASS = YES_ERROR;
				CLANG_WARN_QUOTED_INCLUDE_IN_FRAMEWORK_HEADER = YES;
				CLANG_WARN_RANGE_LOOP_ANALYSIS = YES;
				CLANG_WARN_STRICT_PROTOTYPES = YES;
				CLANG_WARN_SUSPICIOUS_MOVE = YES;
				CLANG_WARN_UNGUARDED_AVAILABILITY = YES_AGGRESSIVE;
				CLANG_WARN_UNREACHABLE_CODE = YES;
				CLANG_WARN__DUPLICATE_METHOD_MATCH = YES;
				COPY_PHASE_STRIP = NO;
				DEBUG_INFORMATION_FORMAT = dwarf;
				ENABLE_STRICT_OBJC_MSGSEND = YES;
				ENABLE_TESTABILITY = YES;
				GCC_C_LANGUAGE_STANDARD = gnu11;
				GCC_DYNAMIC_NO_PIC = NO;
				GCC_NO_COMMON_BLOCKS = YES;
				GCC_OPTIMIZATION_LEVEL = 0;
				GCC_PREPROCESSOR_DEFINITIONS = (
					"DEBUG=1",
					"$(inherited)",
				);
				GCC_WARN_64_TO_32_BIT_CONVERSION = YES;
				GCC_WARN_ABOUT_RETURN_TYPE = YES_ERROR;
				GCC_WARN_UNDECLARED_SELECTOR = YES;
				GCC_WARN_UNINITIALIZED_AUTOS = YES_AGGRESSIVE;
				GCC_WARN_UNUSED_FUNCTION = YES;
				GCC_WARN_UNUSED_VARIABLE = YES;
				IPHONEOS_DEPLOYMENT_TARGET = 13.0;
				MTL_ENABLE_DEBUG_INFO = INCLUDE_SOURCE;
				MTL_FAST_MATH = YES;
				ONLY_ACTIVE_ARCH = YES;
				SDKROOT = iphoneos;
				SWIFT_ACTIVE_COMPILATION_CONDITIONS = DEBUG;
				SWIFT_OPTIMIZATION_LEVEL = "-Onone";
			};
			name = Debug;
		};
		6F2FC6AE282975110043BD74 /* Release */ = {
			isa = XCBuildConfiguration;
			buildSettings = {
				ALWAYS_SEARCH_USER_PATHS = NO;
				CLANG_ANALYZER_NONNULL = YES;
				CLANG_ANALYZER_NUMBER_OBJECT_CONVERSION = YES_AGGRESSIVE;
				CLANG_CXX_LANGUAGE_STANDARD = "gnu++17";
				CLANG_ENABLE_MODULES = YES;
				CLANG_ENABLE_OBJC_ARC = YES;
				CLANG_ENABLE_OBJC_WEAK = YES;
				CLANG_WARN_BLOCK_CAPTURE_AUTORELEASING = YES;
				CLANG_WARN_BOOL_CONVERSION = YES;
				CLANG_WARN_COMMA = YES;
				CLANG_WARN_CONSTANT_CONVERSION = YES;
				CLANG_WARN_DEPRECATED_OBJC_IMPLEMENTATIONS = YES;
				CLANG_WARN_DIRECT_OBJC_ISA_USAGE = YES_ERROR;
				CLANG_WARN_DOCUMENTATION_COMMENTS = YES;
				CLANG_WARN_EMPTY_BODY = YES;
				CLANG_WARN_ENUM_CONVERSION = YES;
				CLANG_WARN_INFINITE_RECURSION = YES;
				CLANG_WARN_INT_CONVERSION = YES;
				CLANG_WARN_NON_LITERAL_NULL_CONVERSION = YES;
				CLANG_WARN_OBJC_IMPLICIT_RETAIN_SELF = YES;
				CLANG_WARN_OBJC_LITERAL_CONVERSION = YES;
				CLANG_WARN_OBJC_ROOT_CLASS = YES_ERROR;
				CLANG_WARN_QUOTED_INCLUDE_IN_FRAMEWORK_HEADER = YES;
				CLANG_WARN_RANGE_LOOP_ANALYSIS = YES;
				CLANG_WARN_STRICT_PROTOTYPES = YES;
				CLANG_WARN_SUSPICIOUS_MOVE = YES;
				CLANG_WARN_UNGUARDED_AVAILABILITY = YES_AGGRESSIVE;
				CLANG_WARN_UNREACHABLE_CODE = YES;
				CLANG_WARN__DUPLICATE_METHOD_MATCH = YES;
				COPY_PHASE_STRIP = NO;
				DEBUG_INFORMATION_FORMAT = "dwarf-with-dsym";
				ENABLE_NS_ASSERTIONS = NO;
				ENABLE_STRICT_OBJC_MSGSEND = YES;
				GCC_C_LANGUAGE_STANDARD = gnu11;
				GCC_NO_COMMON_BLOCKS = YES;
				GCC_WARN_64_TO_32_BIT_CONVERSION = YES;
				GCC_WARN_ABOUT_RETURN_TYPE = YES_ERROR;
				GCC_WARN_UNDECLARED_SELECTOR = YES;
				GCC_WARN_UNINITIALIZED_AUTOS = YES_AGGRESSIVE;
				GCC_WARN_UNUSED_FUNCTION = YES;
				GCC_WARN_UNUSED_VARIABLE = YES;
				IPHONEOS_DEPLOYMENT_TARGET = 13.0;
				MTL_ENABLE_DEBUG_INFO = NO;
				MTL_FAST_MATH = YES;
				SDKROOT = iphoneos;
				SWIFT_COMPILATION_MODE = wholemodule;
				SWIFT_OPTIMIZATION_LEVEL = "-O";
				VALIDATE_PRODUCT = YES;
			};
			name = Release;
		};
		6F2FC6B0282975110043BD74 /* Debug */ = {
			isa = XCBuildConfiguration;
			buildSettings = {
				ASSETCATALOG_COMPILER_APPICON_NAME = AppIcon;
				ASSETCATALOG_COMPILER_GLOBAL_ACCENT_COLOR_NAME = AccentColor;
				CODE_SIGN_STYLE = Automatic;
				CURRENT_PROJECT_VERSION = 1;
				DEVELOPMENT_TEAM = W57LGBTN93;
				GENERATE_INFOPLIST_FILE = YES;
				INFOPLIST_FILE = Chloe/Core/Info.plist;
				INFOPLIST_KEY_CFBundleDisplayName = Chloe;
				INFOPLIST_KEY_UIApplicationSupportsIndirectInputEvents = YES;
				INFOPLIST_KEY_UILaunchStoryboardName = LaunchScreen;
				INFOPLIST_KEY_UIMainStoryboardFile = Main;
				INFOPLIST_KEY_UISupportedInterfaceOrientations = UIInterfaceOrientationPortrait;
				INFOPLIST_KEY_UISupportedInterfaceOrientations_iPad = "UIInterfaceOrientationLandscapeLeft UIInterfaceOrientationLandscapeRight UIInterfaceOrientationPortrait UIInterfaceOrientationPortraitUpsideDown";
				LD_RUNPATH_SEARCH_PATHS = (
					"$(inherited)",
					"@executable_path/Frameworks",
				);
				MARKETING_VERSION = 1.0;
				PRODUCT_BUNDLE_IDENTIFIER = digitalorigins.Chloe;
				PRODUCT_NAME = "$(TARGET_NAME)";
				SWIFT_EMIT_LOC_STRINGS = YES;
				SWIFT_VERSION = 5.0;
				TARGETED_DEVICE_FAMILY = 1;
			};
			name = Debug;
		};
		6F2FC6B1282975110043BD74 /* Release */ = {
			isa = XCBuildConfiguration;
			buildSettings = {
				ASSETCATALOG_COMPILER_APPICON_NAME = AppIcon;
				ASSETCATALOG_COMPILER_GLOBAL_ACCENT_COLOR_NAME = AccentColor;
				CODE_SIGN_STYLE = Automatic;
				CURRENT_PROJECT_VERSION = 1;
				DEVELOPMENT_TEAM = W57LGBTN93;
				GENERATE_INFOPLIST_FILE = YES;
				INFOPLIST_FILE = Chloe/Core/Info.plist;
				INFOPLIST_KEY_CFBundleDisplayName = Chloe;
				INFOPLIST_KEY_UIApplicationSupportsIndirectInputEvents = YES;
				INFOPLIST_KEY_UILaunchStoryboardName = LaunchScreen;
				INFOPLIST_KEY_UIMainStoryboardFile = Main;
				INFOPLIST_KEY_UISupportedInterfaceOrientations = UIInterfaceOrientationPortrait;
				INFOPLIST_KEY_UISupportedInterfaceOrientations_iPad = "UIInterfaceOrientationLandscapeLeft UIInterfaceOrientationLandscapeRight UIInterfaceOrientationPortrait UIInterfaceOrientationPortraitUpsideDown";
				LD_RUNPATH_SEARCH_PATHS = (
					"$(inherited)",
					"@executable_path/Frameworks",
				);
				MARKETING_VERSION = 1.0;
				PRODUCT_BUNDLE_IDENTIFIER = digitalorigins.Chloe;
				PRODUCT_NAME = "$(TARGET_NAME)";
				SWIFT_EMIT_LOC_STRINGS = YES;
				SWIFT_VERSION = 5.0;
				TARGETED_DEVICE_FAMILY = 1;
			};
			name = Release;
		};
		6FA1F65C282D9E7900122360 /* Debug */ = {
			isa = XCBuildConfiguration;
			buildSettings = {
				BUNDLE_LOADER = "$(TEST_HOST)";
				CODE_SIGN_STYLE = Automatic;
				CURRENT_PROJECT_VERSION = 1;
				DEVELOPMENT_TEAM = W57LGBTN93;
				GENERATE_INFOPLIST_FILE = YES;
				MARKETING_VERSION = 1.0;
				PRODUCT_BUNDLE_IDENTIFIER = digitalorigins.ChloeTests;
				PRODUCT_NAME = "$(TARGET_NAME)";
				SWIFT_EMIT_LOC_STRINGS = NO;
				SWIFT_VERSION = 5.0;
				TARGETED_DEVICE_FAMILY = "1,2";
				TEST_HOST = "$(BUILT_PRODUCTS_DIR)/Chloe.app/Chloe";
			};
			name = Debug;
		};
		6FA1F65D282D9E7900122360 /* Release */ = {
			isa = XCBuildConfiguration;
			buildSettings = {
				BUNDLE_LOADER = "$(TEST_HOST)";
				CODE_SIGN_STYLE = Automatic;
				CURRENT_PROJECT_VERSION = 1;
				DEVELOPMENT_TEAM = W57LGBTN93;
				GENERATE_INFOPLIST_FILE = YES;
				MARKETING_VERSION = 1.0;
				PRODUCT_BUNDLE_IDENTIFIER = digitalorigins.ChloeTests;
				PRODUCT_NAME = "$(TARGET_NAME)";
				SWIFT_EMIT_LOC_STRINGS = NO;
				SWIFT_VERSION = 5.0;
				TARGETED_DEVICE_FAMILY = "1,2";
				TEST_HOST = "$(BUILT_PRODUCTS_DIR)/Chloe.app/Chloe";
			};
			name = Release;
		};
		6FBDF6782847C3E500A817A9 /* Debug */ = {
			isa = XCBuildConfiguration;
			buildSettings = {
				BUNDLE_LOADER = "$(TEST_HOST)";
				CODE_SIGN_STYLE = Automatic;
				CURRENT_PROJECT_VERSION = 1;
				DEVELOPMENT_TEAM = W57LGBTN93;
				GENERATE_INFOPLIST_FILE = YES;
				MARKETING_VERSION = 1.0;
				PRODUCT_BUNDLE_IDENTIFIER = digitalorigins.ChloeSnapshotTests;
				PRODUCT_NAME = "$(TARGET_NAME)";
				SWIFT_EMIT_LOC_STRINGS = NO;
				SWIFT_VERSION = 5.0;
				TARGETED_DEVICE_FAMILY = "1,2";
				TEST_HOST = "$(BUILT_PRODUCTS_DIR)/Chloe.app/Chloe";
			};
			name = Debug;
		};
		6FBDF6792847C3E500A817A9 /* Release */ = {
			isa = XCBuildConfiguration;
			buildSettings = {
				BUNDLE_LOADER = "$(TEST_HOST)";
				CODE_SIGN_STYLE = Automatic;
				CURRENT_PROJECT_VERSION = 1;
				DEVELOPMENT_TEAM = W57LGBTN93;
				GENERATE_INFOPLIST_FILE = YES;
				MARKETING_VERSION = 1.0;
				PRODUCT_BUNDLE_IDENTIFIER = digitalorigins.ChloeSnapshotTests;
				PRODUCT_NAME = "$(TARGET_NAME)";
				SWIFT_EMIT_LOC_STRINGS = NO;
				SWIFT_VERSION = 5.0;
				TARGETED_DEVICE_FAMILY = "1,2";
				TEST_HOST = "$(BUILT_PRODUCTS_DIR)/Chloe.app/Chloe";
			};
			name = Release;
		};
/* End XCBuildConfiguration section */

/* Begin XCConfigurationList section */
		6F2FC6962829750F0043BD74 /* Build configuration list for PBXProject "Chloe" */ = {
			isa = XCConfigurationList;
			buildConfigurations = (
				6F2FC6AD282975110043BD74 /* Debug */,
				6F2FC6AE282975110043BD74 /* Release */,
			);
			defaultConfigurationIsVisible = 0;
			defaultConfigurationName = Release;
		};
		6F2FC6AF282975110043BD74 /* Build configuration list for PBXNativeTarget "Chloe" */ = {
			isa = XCConfigurationList;
			buildConfigurations = (
				6F2FC6B0282975110043BD74 /* Debug */,
				6F2FC6B1282975110043BD74 /* Release */,
			);
			defaultConfigurationIsVisible = 0;
			defaultConfigurationName = Release;
		};
		6FA1F65B282D9E7900122360 /* Build configuration list for PBXNativeTarget "ChloeTests" */ = {
			isa = XCConfigurationList;
			buildConfigurations = (
				6FA1F65C282D9E7900122360 /* Debug */,
				6FA1F65D282D9E7900122360 /* Release */,
			);
			defaultConfigurationIsVisible = 0;
			defaultConfigurationName = Release;
		};
		6FBDF6772847C3E500A817A9 /* Build configuration list for PBXNativeTarget "ChloeSnapshotTests" */ = {
			isa = XCConfigurationList;
			buildConfigurations = (
				6FBDF6782847C3E500A817A9 /* Debug */,
				6FBDF6792847C3E500A817A9 /* Release */,
			);
			defaultConfigurationIsVisible = 0;
			defaultConfigurationName = Release;
		};
/* End XCConfigurationList section */

/* Begin XCRemoteSwiftPackageReference section */
		6FBDF67A2847C49100A817A9 /* XCRemoteSwiftPackageReference "swift-snapshot-testing" */ = {
			isa = XCRemoteSwiftPackageReference;
			repositoryURL = "https://github.com/pointfreeco/swift-snapshot-testing";
			requirement = {
				kind = upToNextMinorVersion;
				minimumVersion = 1.9.0;
			};
		};
/* End XCRemoteSwiftPackageReference section */

/* Begin XCSwiftPackageProductDependency section */
		6FBDF67B2847C49100A817A9 /* SnapshotTesting */ = {
			isa = XCSwiftPackageProductDependency;
			package = 6FBDF67A2847C49100A817A9 /* XCRemoteSwiftPackageReference "swift-snapshot-testing" */;
			productName = SnapshotTesting;
		};
/* End XCSwiftPackageProductDependency section */
	};
	rootObject = 6F2FC6932829750F0043BD74 /* Project object */;
}
